
Microsoft Visual Studio Solution File, Format Version 12.00
# Visual Studio Version 16
VisualStudioVersion = 16.0.31729.503
MinimumVisualStudioVersion = 10.0.40219.1
Project("{FAE04EC0-301F-11D3-BF4B-00C04F79EFBC}") = "Markdown", "Markdown\Markdown.csproj", "{F00DBBD1-7813-4380-B9A3-181036C29481}"
EndProject
Project("{FAE04EC0-301F-11D3-BF4B-00C04F79EFBC}") = "Test", "Test\Test.csproj", "{FA5C04A5-3107-4001-868E-6FEBA3A43A58}"
EndProject
Global
	GlobalSection(SolutionConfigurationPlatforms) = preSolution
		Debug|Any CPU = Debug|Any CPU
		Release|Any CPU = Release|Any CPU
	EndGlobalSection
	GlobalSection(ProjectConfigurationPlatforms) = postSolution
		{F00DBBD1-7813-4380-B9A3-181036C29481}.Debug|Any CPU.ActiveCfg = Debug|Any CPU
		{F00DBBD1-7813-4380-B9A3-181036C29481}.Debug|Any CPU.Build.0 = Debug|Any CPU
		{F00DBBD1-7813-4380-B9A3-181036C29481}.Release|Any CPU.ActiveCfg = Release|Any CPU
		{F00DBBD1-7813-4380-B9A3-181036C29481}.Release|Any CPU.Build.0 = Release|Any CPU
		{FA5C04A5-3107-4001-868E-6FEBA3A43A58}.Debug|Any CPU.ActiveCfg = Debug|Any CPU
		{FA5C04A5-3107-4001-868E-6FEBA3A43A58}.Debug|Any CPU.Build.0 = Debug|Any CPU
		{FA5C04A5-3107-4001-868E-6FEBA3A43A58}.Release|Any CPU.ActiveCfg = Release|Any CPU
		{FA5C04A5-3107-4001-868E-6FEBA3A43A58}.Release|Any CPU.Build.0 = Release|Any CPU
	EndGlobalSection
	GlobalSection(SolutionProperties) = preSolution
		HideSolutionNode = FALSE
	EndGlobalSection
	GlobalSection(ExtensibilityGlobals) = postSolution
		SolutionGuid = {7F1D7389-61C4-4463-A52F-E32422CD2027}
	EndGlobalSection
EndGlobal
